dependencies:
- name: postgresql
  repository: https://charts.bitnami.com/bitnami
  version: 11.6.24
- name: common
  repository: https://charts.bitnami.com/bitnami
  version: 1.16.1
digest: sha256:66e7c2afdd4e869349f4fad8956c6dddec7dbe17166496539af8d8d4e5059e9b
generated: "2022-08-05T00:39:23.441070839-05:00"
