dependencies:
- name: loki
  repository: https://grafana.github.io/helm-charts
  version: 2.16.0
- name: promtail
  repository: https://grafana.github.io/helm-charts
  version: 6.5.1
- name: fluent-bit
  repository: https://grafana.github.io/helm-charts
  version: 2.3.2
- name: grafana
  repository: https://grafana.github.io/helm-charts
  version: 6.24.1
- name: prometheus
  repository: https://prometheus-community.github.io/helm-charts
  version: 15.5.4
- name: filebeat
  repository: https://helm.elastic.co
  version: 7.17.3
- name: logstash
  repository: https://helm.elastic.co
  version: 7.17.3
digest: sha256:aa0814a9523f331bb59c331789d4b8511578430df4cd60ec3a13128cda398a4d
generated: "2022-10-26T00:02:05.996010303-05:00"
